
Microsoft Visual Studio Solution File, Format Version 12.00
# Visual Studio Version 17
VisualStudioVersion = 17.14.36221.1
MinimumVisualStudioVersion = 10.0.40219.1
Project("{FAE04EC0-301F-11D3-BF4B-00C04F79EFBC}") = "PlaylistRepoLib", "PlaylistRepoLib\PlaylistRepoLib.csproj", "{CEC88AFC-A37F-4249-822D-78307C510EC1}"
EndProject
Project("{FAE04EC0-301F-11D3-BF4B-00C04F79EFBC}") = "PlaylistRepoCLI", "PlaylistRepoCLI\PlaylistRepoCLI.csproj", "{9588D41E-8EE4-4AD4-8124-BAF56BBACBBC}"
EndProject
Project("{FAE04EC0-301F-11D3-BF4B-00C04F79EFBC}") = "PlaylistRepoAPI", "PlaylistRepoAPI\PlaylistRepoAPI.csproj", "{EAD9102E-18EF-4E4F-9799-656784F20E61}"
EndProject
Project("{FAE04EC0-301F-11D3-BF4B-00C04F79EFBC}") = "Tests", "Tests\Tests.csproj", "{0FC7064B-33AB-4821-AD82-22448C79C4D2}"
EndProject
Project("{54A90642-561A-4BB1-A94E-469ADEE60C69}") = "playlistrepoclient", "playlistrepoclient\playlistrepoclient.esproj", "{B34A7C45-A863-2B16-BD3D-AC0F11A1BB02}"
EndProject
Project("{C7167F0D-BC9F-4E6E-AFE1-012C56B48DB5}") = "WinPackage", "WinPackage\WinPackage.wapproj", "{2F6AC5B1-BF6F-49CF-9EAE-C90EE1AC081B}"
EndProject
Global
	GlobalSection(SolutionConfigurationPlatforms) = preSolution
		Debug|Any CPU = Debug|Any CPU
		Debug|ARM = Debug|ARM
		Debug|ARM64 = Debug|ARM64
		Debug|x64 = Debug|x64
		Debug|x86 = Debug|x86
		Release|Any CPU = Release|Any CPU
		Release|ARM = Release|ARM
		Release|ARM64 = Release|ARM64
		Release|x64 = Release|x64
		Release|x86 = Release|x86
	EndGlobalSection
	GlobalSection(ProjectConfigurationPlatforms) = postSolution
		{CEC88AFC-A37F-4249-822D-78307C510EC1}.Debug|Any CPU.ActiveCfg = Debug|Any CPU
		{CEC88AFC-A37F-4249-822D-78307C510EC1}.Debug|Any CPU.Build.0 = Debug|Any CPU
		{CEC88AFC-A37F-4249-822D-78307C510EC1}.Debug|ARM.ActiveCfg = Debug|Any CPU
		{CEC88AFC-A37F-4249-822D-78307C510EC1}.Debug|ARM.Build.0 = Debug|Any CPU
		{CEC88AFC-A37F-4249-822D-78307C510EC1}.Debug|ARM64.ActiveCfg = Debug|Any CPU
		{CEC88AFC-A37F-4249-822D-78307C510EC1}.Debug|ARM64.Build.0 = Debug|Any CPU
		{CEC88AFC-A37F-4249-822D-78307C510EC1}.Debug|x64.ActiveCfg = Debug|Any CPU
		{CEC88AFC-A37F-4249-822D-78307C510EC1}.Debug|x64.Build.0 = Debug|Any CPU
		{CEC88AFC-A37F-4249-822D-78307C510EC1}.Debug|x86.ActiveCfg = Debug|Any CPU
		{CEC88AFC-A37F-4249-822D-78307C510EC1}.Debug|x86.Build.0 = Debug|Any CPU
		{CEC88AFC-A37F-4249-822D-78307C510EC1}.Release|Any CPU.ActiveCfg = Release|Any CPU
		{CEC88AFC-A37F-4249-822D-78307C510EC1}.Release|Any CPU.Build.0 = Release|Any CPU
		{CEC88AFC-A37F-4249-822D-78307C510EC1}.Release|ARM.ActiveCfg = Release|Any CPU
		{CEC88AFC-A37F-4249-822D-78307C510EC1}.Release|ARM.Build.0 = Release|Any CPU
		{CEC88AFC-A37F-4249-822D-78307C510EC1}.Release|ARM64.ActiveCfg = Release|Any CPU
		{CEC88AFC-A37F-4249-822D-78307C510EC1}.Release|ARM64.Build.0 = Release|Any CPU
		{CEC88AFC-A37F-4249-822D-78307C510EC1}.Release|x64.ActiveCfg = Release|Any CPU
		{CEC88AFC-A37F-4249-822D-78307C510EC1}.Release|x64.Build.0 = Release|Any CPU
		{CEC88AFC-A37F-4249-822D-78307C510EC1}.Release|x86.ActiveCfg = Release|Any CPU
		{CEC88AFC-A37F-4249-822D-78307C510EC1}.Release|x86.Build.0 = Release|Any CPU
		{9588D41E-8EE4-4AD4-8124-BAF56BBACBBC}.Debug|Any CPU.ActiveCfg = Debug|Any CPU
		{9588D41E-8EE4-4AD4-8124-BAF56BBACBBC}.Debug|Any CPU.Build.0 = Debug|Any CPU
		{9588D41E-8EE4-4AD4-8124-BAF56BBACBBC}.Debug|ARM.ActiveCfg = Debug|Any CPU
		{9588D41E-8EE4-4AD4-8124-BAF56BBACBBC}.Debug|ARM.Build.0 = Debug|Any CPU
		{9588D41E-8EE4-4AD4-8124-BAF56BBACBBC}.Debug|ARM64.ActiveCfg = Debug|Any CPU
		{9588D41E-8EE4-4AD4-8124-BAF56BBACBBC}.Debug|ARM64.Build.0 = Debug|Any CPU
		{9588D41E-8EE4-4AD4-8124-BAF56BBACBBC}.Debug|x64.ActiveCfg = Debug|Any CPU
		{9588D41E-8EE4-4AD4-8124-BAF56BBACBBC}.Debug|x64.Build.0 = Debug|Any CPU
		{9588D41E-8EE4-4AD4-8124-BAF56BBACBBC}.Debug|x86.ActiveCfg = Debug|Any CPU
		{9588D41E-8EE4-4AD4-8124-BAF56BBACBBC}.Debug|x86.Build.0 = Debug|Any CPU
		{9588D41E-8EE4-4AD4-8124-BAF56BBACBBC}.Release|Any CPU.ActiveCfg = Release|Any CPU
		{9588D41E-8EE4-4AD4-8124-BAF56BBACBBC}.Release|Any CPU.Build.0 = Release|Any CPU
		{9588D41E-8EE4-4AD4-8124-BAF56BBACBBC}.Release|ARM.ActiveCfg = Release|Any CPU
		{9588D41E-8EE4-4AD4-8124-BAF56BBACBBC}.Release|ARM.Build.0 = Release|Any CPU
		{9588D41E-8EE4-4AD4-8124-BAF56BBACBBC}.Release|ARM64.ActiveCfg = Release|Any CPU
		{9588D41E-8EE4-4AD4-8124-BAF56BBACBBC}.Release|ARM64.Build.0 = Release|Any CPU
		{9588D41E-8EE4-4AD4-8124-BAF56BBACBBC}.Release|x64.ActiveCfg = Release|Any CPU
		{9588D41E-8EE4-4AD4-8124-BAF56BBACBBC}.Release|x64.Build.0 = Release|Any CPU
		{9588D41E-8EE4-4AD4-8124-BAF56BBACBBC}.Release|x86.ActiveCfg = Release|Any CPU
		{9588D41E-8EE4-4AD4-8124-BAF56BBACBBC}.Release|x86.Build.0 = Release|Any CPU
		{EAD9102E-18EF-4E4F-9799-656784F20E61}.Debug|Any CPU.ActiveCfg = Debug|Any CPU
		{EAD9102E-18EF-4E4F-9799-656784F20E61}.Debug|Any CPU.Build.0 = Debug|Any CPU
		{EAD9102E-18EF-4E4F-9799-656784F20E61}.Debug|ARM.ActiveCfg = Debug|Any CPU
		{EAD9102E-18EF-4E4F-9799-656784F20E61}.Debug|ARM.Build.0 = Debug|Any CPU
		{EAD9102E-18EF-4E4F-9799-656784F20E61}.Debug|ARM64.ActiveCfg = Debug|Any CPU
		{EAD9102E-18EF-4E4F-9799-656784F20E61}.Debug|ARM64.Build.0 = Debug|Any CPU
		{EAD9102E-18EF-4E4F-9799-656784F20E61}.Debug|x64.ActiveCfg = Debug|Any CPU
		{EAD9102E-18EF-4E4F-9799-656784F20E61}.Debug|x64.Build.0 = Debug|Any CPU
		{EAD9102E-18EF-4E4F-9799-656784F20E61}.Debug|x86.ActiveCfg = Debug|Any CPU
		{EAD9102E-18EF-4E4F-9799-656784F20E61}.Debug|x86.Build.0 = Debug|Any CPU
		{EAD9102E-18EF-4E4F-9799-656784F20E61}.Release|Any CPU.ActiveCfg = Release|Any CPU
		{EAD9102E-18EF-4E4F-9799-656784F20E61}.Release|Any CPU.Build.0 = Release|Any CPU
		{EAD9102E-18EF-4E4F-9799-656784F20E61}.Release|ARM.ActiveCfg = Release|Any CPU
		{EAD9102E-18EF-4E4F-9799-656784F20E61}.Release|ARM.Build.0 = Release|Any CPU
		{EAD9102E-18EF-4E4F-9799-656784F20E61}.Release|ARM64.ActiveCfg = Release|Any CPU
		{EAD9102E-18EF-4E4F-9799-656784F20E61}.Release|ARM64.Build.0 = Release|Any CPU
		{EAD9102E-18EF-4E4F-9799-656784F20E61}.Release|x64.ActiveCfg = Release|Any CPU
		{EAD9102E-18EF-4E4F-9799-656784F20E61}.Release|x64.Build.0 = Release|Any CPU
		{EAD9102E-18EF-4E4F-9799-656784F20E61}.Release|x86.ActiveCfg = Release|Any CPU
		{EAD9102E-18EF-4E4F-9799-656784F20E61}.Release|x86.Build.0 = Release|Any CPU
		{0FC7064B-33AB-4821-AD82-22448C79C4D2}.Debug|Any CPU.ActiveCfg = Debug|Any CPU
		{0FC7064B-33AB-4821-AD82-22448C79C4D2}.Debug|Any CPU.Build.0 = Debug|Any CPU
		{0FC7064B-33AB-4821-AD82-22448C79C4D2}.Debug|ARM.ActiveCfg = Debug|Any CPU
		{0FC7064B-33AB-4821-AD82-22448C79C4D2}.Debug|ARM.Build.0 = Debug|Any CPU
		{0FC7064B-33AB-4821-AD82-22448C79C4D2}.Debug|ARM64.ActiveCfg = Debug|Any CPU
		{0FC7064B-33AB-4821-AD82-22448C79C4D2}.Debug|ARM64.Build.0 = Debug|Any CPU
		{0FC7064B-33AB-4821-AD82-22448C79C4D2}.Debug|x64.ActiveCfg = Debug|Any CPU
		{0FC7064B-33AB-4821-AD82-22448C79C4D2}.Debug|x64.Build.0 = Debug|Any CPU
		{0FC7064B-33AB-4821-AD82-22448C79C4D2}.Debug|x86.ActiveCfg = Debug|Any CPU
		{0FC7064B-33AB-4821-AD82-22448C79C4D2}.Debug|x86.Build.0 = Debug|Any CPU
		{0FC7064B-33AB-4821-AD82-22448C79C4D2}.Release|Any CPU.ActiveCfg = Release|Any CPU
		{0FC7064B-33AB-4821-AD82-22448C79C4D2}.Release|Any CPU.Build.0 = Release|Any CPU
		{0FC7064B-33AB-4821-AD82-22448C79C4D2}.Release|ARM.ActiveCfg = Release|Any CPU
		{0FC7064B-33AB-4821-AD82-22448C79C4D2}.Release|ARM.Build.0 = Release|Any CPU
		{0FC7064B-33AB-4821-AD82-22448C79C4D2}.Release|ARM64.ActiveCfg = Release|Any CPU
		{0FC7064B-33AB-4821-AD82-22448C79C4D2}.Release|ARM64.Build.0 = Release|Any CPU
		{0FC7064B-33AB-4821-AD82-22448C79C4D2}.Release|x64.ActiveCfg = Release|Any CPU
		{0FC7064B-33AB-4821-AD82-22448C79C4D2}.Release|x64.Build.0 = Release|Any CPU
		{0FC7064B-33AB-4821-AD82-22448C79C4D2}.Release|x86.ActiveCfg = Release|Any CPU
		{0FC7064B-33AB-4821-AD82-22448C79C4D2}.Release|x86.Build.0 = Release|Any CPU
		{B34A7C45-A863-2B16-BD3D-AC0F11A1BB02}.Debug|Any CPU.ActiveCfg = Debug|Any CPU
		{B34A7C45-A863-2B16-BD3D-AC0F11A1BB02}.Debug|Any CPU.Build.0 = Debug|Any CPU
		{B34A7C45-A863-2B16-BD3D-AC0F11A1BB02}.Debug|Any CPU.Deploy.0 = Debug|Any CPU
		{B34A7C45-A863-2B16-BD3D-AC0F11A1BB02}.Debug|ARM.ActiveCfg = Debug|Any CPU
		{B34A7C45-A863-2B16-BD3D-AC0F11A1BB02}.Debug|ARM.Build.0 = Debug|Any CPU
		{B34A7C45-A863-2B16-BD3D-AC0F11A1BB02}.Debug|ARM.Deploy.0 = Debug|Any CPU
		{B34A7C45-A863-2B16-BD3D-AC0F11A1BB02}.Debug|ARM64.ActiveCfg = Debug|Any CPU
		{B34A7C45-A863-2B16-BD3D-AC0F11A1BB02}.Debug|ARM64.Build.0 = Debug|Any CPU
		{B34A7C45-A863-2B16-BD3D-AC0F11A1BB02}.Debug|ARM64.Deploy.0 = Debug|Any CPU
		{B34A7C45-A863-2B16-BD3D-AC0F11A1BB02}.Debug|x64.ActiveCfg = Debug|Any CPU
		{B34A7C45-A863-2B16-BD3D-AC0F11A1BB02}.Debug|x64.Build.0 = Debug|Any CPU
		{B34A7C45-A863-2B16-BD3D-AC0F11A1BB02}.Debug|x64.Deploy.0 = Debug|Any CPU
		{B34A7C45-A863-2B16-BD3D-AC0F11A1BB02}.Debug|x86.ActiveCfg = Debug|Any CPU
		{B34A7C45-A863-2B16-BD3D-AC0F11A1BB02}.Debug|x86.Build.0 = Debug|Any CPU
		{B34A7C45-A863-2B16-BD3D-AC0F11A1BB02}.Debug|x86.Deploy.0 = Debug|Any CPU
		{B34A7C45-A863-2B16-BD3D-AC0F11A1BB02}.Release|Any CPU.ActiveCfg = Release|Any CPU
		{B34A7C45-A863-2B16-BD3D-AC0F11A1BB02}.Release|Any CPU.Build.0 = Release|Any CPU
		{B34A7C45-A863-2B16-BD3D-AC0F11A1BB02}.Release|Any CPU.Deploy.0 = Release|Any CPU
		{B34A7C45-A863-2B16-BD3D-AC0F11A1BB02}.Release|ARM.ActiveCfg = Release|Any CPU
		{B34A7C45-A863-2B16-BD3D-AC0F11A1BB02}.Release|ARM.Build.0 = Release|Any CPU
		{B34A7C45-A863-2B16-BD3D-AC0F11A1BB02}.Release|ARM.Deploy.0 = Release|Any CPU
		{B34A7C45-A863-2B16-BD3D-AC0F11A1BB02}.Release|ARM64.ActiveCfg = Release|Any CPU
		{B34A7C45-A863-2B16-BD3D-AC0F11A1BB02}.Release|ARM64.Build.0 = Release|Any CPU
		{B34A7C45-A863-2B16-BD3D-AC0F11A1BB02}.Release|ARM64.Deploy.0 = Release|Any CPU
		{B34A7C45-A863-2B16-BD3D-AC0F11A1BB02}.Release|x64.ActiveCfg = Release|Any CPU
		{B34A7C45-A863-2B16-BD3D-AC0F11A1BB02}.Release|x64.Build.0 = Release|Any CPU
		{B34A7C45-A863-2B16-BD3D-AC0F11A1BB02}.Release|x64.Deploy.0 = Release|Any CPU
		{B34A7C45-A863-2B16-BD3D-AC0F11A1BB02}.Release|x86.ActiveCfg = Release|Any CPU
		{B34A7C45-A863-2B16-BD3D-AC0F11A1BB02}.Release|x86.Build.0 = Release|Any CPU
		{B34A7C45-A863-2B16-BD3D-AC0F11A1BB02}.Release|x86.Deploy.0 = Release|Any CPU
		{2F6AC5B1-BF6F-49CF-9EAE-C90EE1AC081B}.Debug|Any CPU.ActiveCfg = Debug|Any CPU
		{2F6AC5B1-BF6F-49CF-9EAE-C90EE1AC081B}.Debug|Any CPU.Build.0 = Debug|Any CPU
		{2F6AC5B1-BF6F-49CF-9EAE-C90EE1AC081B}.Debug|Any CPU.Deploy.0 = Debug|Any CPU
		{2F6AC5B1-BF6F-49CF-9EAE-C90EE1AC081B}.Debug|ARM.ActiveCfg = Debug|ARM
		{2F6AC5B1-BF6F-49CF-9EAE-C90EE1AC081B}.Debug|ARM.Build.0 = Debug|ARM
		{2F6AC5B1-BF6F-49CF-9EAE-C90EE1AC081B}.Debug|ARM.Deploy.0 = Debug|ARM
		{2F6AC5B1-BF6F-49CF-9EAE-C90EE1AC081B}.Debug|ARM64.ActiveCfg = Debug|ARM64
		{2F6AC5B1-BF6F-49CF-9EAE-C90EE1AC081B}.Debug|ARM64.Build.0 = Debug|ARM64
		{2F6AC5B1-BF6F-49CF-9EAE-C90EE1AC081B}.Debug|ARM64.Deploy.0 = Debug|ARM64
		{2F6AC5B1-BF6F-49CF-9EAE-C90EE1AC081B}.Debug|x64.ActiveCfg = Debug|x64
		{2F6AC5B1-BF6F-49CF-9EAE-C90EE1AC081B}.Debug|x64.Build.0 = Debug|x64
		{2F6AC5B1-BF6F-49CF-9EAE-C90EE1AC081B}.Debug|x64.Deploy.0 = Debug|x64
		{2F6AC5B1-BF6F-49CF-9EAE-C90EE1AC081B}.Debug|x86.ActiveCfg = Debug|x86
		{2F6AC5B1-BF6F-49CF-9EAE-C90EE1AC081B}.Debug|x86.Build.0 = Debug|x86
		{2F6AC5B1-BF6F-49CF-9EAE-C90EE1AC081B}.Debug|x86.Deploy.0 = Debug|x86
		{2F6AC5B1-BF6F-49CF-9EAE-C90EE1AC081B}.Release|Any CPU.ActiveCfg = Release|Any CPU
		{2F6AC5B1-BF6F-49CF-9EAE-C90EE1AC081B}.Release|Any CPU.Build.0 = Release|Any CPU
		{2F6AC5B1-BF6F-49CF-9EAE-C90EE1AC081B}.Release|Any CPU.Deploy.0 = Release|Any CPU
		{2F6AC5B1-BF6F-49CF-9EAE-C90EE1AC081B}.Release|ARM.ActiveCfg = Release|ARM
		{2F6AC5B1-BF6F-49CF-9EAE-C90EE1AC081B}.Release|ARM.Build.0 = Release|ARM
		{2F6AC5B1-BF6F-49CF-9EAE-C90EE1AC081B}.Release|ARM.Deploy.0 = Release|ARM
		{2F6AC5B1-BF6F-49CF-9EAE-C90EE1AC081B}.Release|ARM64.ActiveCfg = Release|ARM64
		{2F6AC5B1-BF6F-49CF-9EAE-C90EE1AC081B}.Release|ARM64.Build.0 = Release|ARM64
		{2F6AC5B1-BF6F-49CF-9EAE-C90EE1AC081B}.Release|ARM64.Deploy.0 = Release|ARM64
		{2F6AC5B1-BF6F-49CF-9EAE-C90EE1AC081B}.Release|x64.ActiveCfg = Release|x64
		{2F6AC5B1-BF6F-49CF-9EAE-C90EE1AC081B}.Release|x64.Build.0 = Release|x64
		{2F6AC5B1-BF6F-49CF-9EAE-C90EE1AC081B}.Release|x64.Deploy.0 = Release|x64
		{2F6AC5B1-BF6F-49CF-9EAE-C90EE1AC081B}.Release|x86.ActiveCfg = Release|x86
		{2F6AC5B1-BF6F-49CF-9EAE-C90EE1AC081B}.Release|x86.Build.0 = Release|x86
		{2F6AC5B1-BF6F-49CF-9EAE-C90EE1AC081B}.Release|x86.Deploy.0 = Release|x86
	EndGlobalSection
	GlobalSection(SolutionProperties) = preSolution
		HideSolutionNode = FALSE
	EndGlobalSection
	GlobalSection(ExtensibilityGlobals) = postSolution
		SolutionGuid = {71764DEB-B862-4D65-8488-E6C1D9A595B7}
	EndGlobalSection
EndGlobal
